
Microsoft Visual Studio Solution File, Format Version 12.00
# Visual Studio Version 16
VisualStudioVersion = 16.0.30611.23
MinimumVisualStudioVersion = 10.0.40219.1
Project("{FAE04EC0-301F-11D3-BF4B-00C04F79EFBC}") = "ClientCFC-P4-109", "ClientCFC-P4-109\ClientCFC-P4-109.csproj", "{0938397F-BD38-45DD-887D-7477593187A8}"
EndProject
Global
	GlobalSection(SolutionConfigurationPlatforms) = preSolution
		Debug|Any CPU = Debug|Any CPU
		Release|Any CPU = Release|Any CPU
	EndGlobalSection
	GlobalSection(ProjectConfigurationPlatforms) = postSolution
		{0938397F-BD38-45DD-887D-7477593187A8}.Debug|Any CPU.ActiveCfg = Debug|Any CPU
		{0938397F-BD38-45DD-887D-7477593187A8}.Debug|Any CPU.Build.0 = Debug|Any CPU
		{0938397F-BD38-45DD-887D-7477593187A8}.Release|Any CPU.ActiveCfg = Release|Any CPU
		{0938397F-BD38-45DD-887D-7477593187A8}.Release|Any CPU.Build.0 = Release|Any CPU
	EndGlobalSection
	GlobalSection(SolutionProperties) = preSolution
		HideSolutionNode = FALSE
	EndGlobalSection
	GlobalSection(ExtensibilityGlobals) = postSolution
		SolutionGuid = {5A91D079-FCEE-4A7E-92BE-2B98CE4FABDA}
	EndGlobalSection
EndGlobal
